
Microsoft Visual Studio Solution File, Format Version 12.00
# Visual Studio 14
VisualStudioVersion = 14.0.23107.0
MinimumVisualStudioVersion = 10.0.40219.1
Project("{2150E333-8FDC-42A3-9474-1A3956D46DE8}") = "Views", "Views", "{C8E4571C-92B8-4CC7-BD5C-E86FBDEF761A}"
EndProject
Project("{FAE04EC0-301F-11D3-BF4B-00C04F79EFBC}") = "Ticket.Oauth", "Domain\Ticket.Oauth\Ticket.Oauth.csproj", "{0FA26876-812E-4E15-8F0D-3735EC3BD9BE}"
EndProject
Project("{2150E333-8FDC-42A3-9474-1A3956D46DE8}") = "Domain", "Domain", "{2DB9D065-3DBA-4E2C-BD05-049CA8B085DB}"
EndProject
Project("{FAE04EC0-301F-11D3-BF4B-00C04F79EFBC}") = "Ticket.PayMethod", "Domain\TIcket.PayMethod\Ticket.PayMethod.csproj", "{BE46A9C2-352E-4DC1-8A46-BDDC17300F25}"
EndProject
Project("{FAE04EC0-301F-11D3-BF4B-00C04F79EFBC}") = "Ticket", "Domain\Ticket\Ticket.csproj", "{832B68CC-817D-4EF3-8B2A-B309F9A235FA}"
EndProject
Project("{2150E333-8FDC-42A3-9474-1A3956D46DE8}") = "Data Base", "Data Base", "{5483EEAA-418C-4B7A-86FE-E25652EED056}"
EndProject
Project("{FAE04EC0-301F-11D3-BF4B-00C04F79EFBC}") = "Ticket.DB.EntityFramework", "DataBase\Ticket.DB.EntityFramework\Ticket.DB.EntityFramework.csproj", "{2509EF10-AAC7-4815-ADDC-9893EC3D8AD4}"
EndProject
Project("{FAE04EC0-301F-11D3-BF4B-00C04F79EFBC}") = "Ticket.Core", "Domain\Ticket.Core\Ticket.Core.csproj", "{D0C5D753-A047-44B1-BE65-F84F0C6FC999}"
EndProject
Project("{2150E333-8FDC-42A3-9474-1A3956D46DE8}") = "Test", "Test", "{3939A080-B0E1-4B35-95C8-CB8CB66D9F92}"
EndProject
Project("{FAE04EC0-301F-11D3-BF4B-00C04F79EFBC}") = "Ticket.Core.UnitTest", "Test\Ticket.Core.UnitTest\Ticket.Core.UnitTest.csproj", "{7662B563-13BC-4CF1-960A-73281698F3B3}"
EndProject
Project("{2150E333-8FDC-42A3-9474-1A3956D46DE8}") = "Resource for Solutions", "Resource for Solutions", "{5DF6748A-AD7A-43F8-9FEC-AEB732098AA7}"
EndProject
Project("{2150E333-8FDC-42A3-9474-1A3956D46DE8}") = "App_Data", "App_Data", "{607E6178-7DC0-400F-BFAD-1E7A5FDF13F3}"
EndProject
Project("{FAE04EC0-301F-11D3-BF4B-00C04F79EFBC}") = "Ticket.Views.HttpApi", "Views\Ticket.Views.HttpApi\Ticket.Views.HttpApi.csproj", "{7107590E-146D-4C93-BCE1-2990AD5170B7}"
EndProject
Project("{FAE04EC0-301F-11D3-BF4B-00C04F79EFBC}") = "Ticket.Views.Website", "Views\Ticket.Views.Website\Ticket.Views.Website.csproj", "{A4CC944A-C439-49E0-84E2-24261D2811F8}"
EndProject
Global
	GlobalSection(SolutionConfigurationPlatforms) = preSolution
		Debug|Any CPU = Debug|Any CPU
		Release|Any CPU = Release|Any CPU
	EndGlobalSection
	GlobalSection(ProjectConfigurationPlatforms) = postSolution
		{0FA26876-812E-4E15-8F0D-3735EC3BD9BE}.Debug|Any CPU.ActiveCfg = Debug|Any CPU
		{0FA26876-812E-4E15-8F0D-3735EC3BD9BE}.Debug|Any CPU.Build.0 = Debug|Any CPU
		{0FA26876-812E-4E15-8F0D-3735EC3BD9BE}.Release|Any CPU.ActiveCfg = Release|Any CPU
		{0FA26876-812E-4E15-8F0D-3735EC3BD9BE}.Release|Any CPU.Build.0 = Release|Any CPU
		{BE46A9C2-352E-4DC1-8A46-BDDC17300F25}.Debug|Any CPU.ActiveCfg = Debug|Any CPU
		{BE46A9C2-352E-4DC1-8A46-BDDC17300F25}.Debug|Any CPU.Build.0 = Debug|Any CPU
		{BE46A9C2-352E-4DC1-8A46-BDDC17300F25}.Release|Any CPU.ActiveCfg = Release|Any CPU
		{BE46A9C2-352E-4DC1-8A46-BDDC17300F25}.Release|Any CPU.Build.0 = Release|Any CPU
		{832B68CC-817D-4EF3-8B2A-B309F9A235FA}.Debug|Any CPU.ActiveCfg = Debug|Any CPU
		{832B68CC-817D-4EF3-8B2A-B309F9A235FA}.Debug|Any CPU.Build.0 = Debug|Any CPU
		{832B68CC-817D-4EF3-8B2A-B309F9A235FA}.Release|Any CPU.ActiveCfg = Release|Any CPU
		{832B68CC-817D-4EF3-8B2A-B309F9A235FA}.Release|Any CPU.Build.0 = Release|Any CPU
		{2509EF10-AAC7-4815-ADDC-9893EC3D8AD4}.Debug|Any CPU.ActiveCfg = Debug|Any CPU
		{2509EF10-AAC7-4815-ADDC-9893EC3D8AD4}.Debug|Any CPU.Build.0 = Debug|Any CPU
		{2509EF10-AAC7-4815-ADDC-9893EC3D8AD4}.Release|Any CPU.ActiveCfg = Release|Any CPU
		{2509EF10-AAC7-4815-ADDC-9893EC3D8AD4}.Release|Any CPU.Build.0 = Release|Any CPU
		{D0C5D753-A047-44B1-BE65-F84F0C6FC999}.Debug|Any CPU.ActiveCfg = Debug|Any CPU
		{D0C5D753-A047-44B1-BE65-F84F0C6FC999}.Debug|Any CPU.Build.0 = Debug|Any CPU
		{D0C5D753-A047-44B1-BE65-F84F0C6FC999}.Release|Any CPU.ActiveCfg = Release|Any CPU
		{D0C5D753-A047-44B1-BE65-F84F0C6FC999}.Release|Any CPU.Build.0 = Release|Any CPU
		{7662B563-13BC-4CF1-960A-73281698F3B3}.Debug|Any CPU.ActiveCfg = Debug|Any CPU
		{7662B563-13BC-4CF1-960A-73281698F3B3}.Debug|Any CPU.Build.0 = Debug|Any CPU
		{7662B563-13BC-4CF1-960A-73281698F3B3}.Release|Any CPU.ActiveCfg = Release|Any CPU
		{7662B563-13BC-4CF1-960A-73281698F3B3}.Release|Any CPU.Build.0 = Release|Any CPU
		{7107590E-146D-4C93-BCE1-2990AD5170B7}.Debug|Any CPU.ActiveCfg = Debug|Any CPU
		{7107590E-146D-4C93-BCE1-2990AD5170B7}.Debug|Any CPU.Build.0 = Debug|Any CPU
		{7107590E-146D-4C93-BCE1-2990AD5170B7}.Release|Any CPU.ActiveCfg = Release|Any CPU
		{7107590E-146D-4C93-BCE1-2990AD5170B7}.Release|Any CPU.Build.0 = Release|Any CPU
		{A4CC944A-C439-49E0-84E2-24261D2811F8}.Debug|Any CPU.ActiveCfg = Debug|Any CPU
		{A4CC944A-C439-49E0-84E2-24261D2811F8}.Debug|Any CPU.Build.0 = Debug|Any CPU
		{A4CC944A-C439-49E0-84E2-24261D2811F8}.Release|Any CPU.ActiveCfg = Release|Any CPU
		{A4CC944A-C439-49E0-84E2-24261D2811F8}.Release|Any CPU.Build.0 = Release|Any CPU
	EndGlobalSection
	GlobalSection(SolutionProperties) = preSolution
		HideSolutionNode = FALSE
	EndGlobalSection
	GlobalSection(NestedProjects) = preSolution
		{0FA26876-812E-4E15-8F0D-3735EC3BD9BE} = {2DB9D065-3DBA-4E2C-BD05-049CA8B085DB}
		{BE46A9C2-352E-4DC1-8A46-BDDC17300F25} = {2DB9D065-3DBA-4E2C-BD05-049CA8B085DB}
		{832B68CC-817D-4EF3-8B2A-B309F9A235FA} = {2DB9D065-3DBA-4E2C-BD05-049CA8B085DB}
		{2509EF10-AAC7-4815-ADDC-9893EC3D8AD4} = {5483EEAA-418C-4B7A-86FE-E25652EED056}
		{D0C5D753-A047-44B1-BE65-F84F0C6FC999} = {2DB9D065-3DBA-4E2C-BD05-049CA8B085DB}
		{7662B563-13BC-4CF1-960A-73281698F3B3} = {3939A080-B0E1-4B35-95C8-CB8CB66D9F92}
		{607E6178-7DC0-400F-BFAD-1E7A5FDF13F3} = {5DF6748A-AD7A-43F8-9FEC-AEB732098AA7}
		{7107590E-146D-4C93-BCE1-2990AD5170B7} = {C8E4571C-92B8-4CC7-BD5C-E86FBDEF761A}
		{A4CC944A-C439-49E0-84E2-24261D2811F8} = {C8E4571C-92B8-4CC7-BD5C-E86FBDEF761A}
	EndGlobalSection
EndGlobal
